// !$*UTF8*$!
{
	archiveVersion = 1;
	classes = {
	};
	objectVersion = 48;
	objects = {

/* Begin PBXBuildFile section */
		850DC9631FA8296400CA3F89 /* Crew.swift in Sources */ = {isa = PBXBuildFile; fileRef = 850DC9621FA8296400CA3F89 /* Crew.swift */; };
		850DC9651FA83F3900CA3F89 /* FireBaseManager.swift in Sources */ = {isa = PBXBuildFile; fileRef = 850DC9641FA83F3900CA3F89 /* FireBaseManager.swift */; };
		852C77221FA3409300E0EFF1 /* ranksTableViewController.swift in Sources */ = {isa = PBXBuildFile; fileRef = 852C77211FA3409300E0EFF1 /* ranksTableViewController.swift */; };
		8544907B1FA1CB8700BDB5DB /* AppDelegate.swift in Sources */ = {isa = PBXBuildFile; fileRef = 8544907A1FA1CB8700BDB5DB /* AppDelegate.swift */; };
		854490801FA1CB8700BDB5DB /* Main.storyboard in Resources */ = {isa = PBXBuildFile; fileRef = 8544907E1FA1CB8700BDB5DB /* Main.storyboard */; };
		854490821FA1CB8700BDB5DB /* Assets.xcassets in Resources */ = {isa = PBXBuildFile; fileRef = 854490811FA1CB8700BDB5DB /* Assets.xcassets */; };
		854490851FA1CB8700BDB5DB /* LaunchScreen.storyboard in Resources */ = {isa = PBXBuildFile; fileRef = 854490831FA1CB8700BDB5DB /* LaunchScreen.storyboard */; };
		8544908E1FA326EE00BDB5DB /* estimationViewController.swift in Sources */ = {isa = PBXBuildFile; fileRef = 8544908D1FA326EE00BDB5DB /* estimationViewController.swift */; };
		854777451FE1265F001111CD /* adminResultsTableViewController.swift in Sources */ = {isa = PBXBuildFile; fileRef = 854777441FE1265F001111CD /* adminResultsTableViewController.swift */; };
		854F48751FE25AAD0046926C /* AdminResultTableViewCell.swift in Sources */ = {isa = PBXBuildFile; fileRef = 854F48741FE25AAD0046926C /* AdminResultTableViewCell.swift */; };
		85509DB21FA8646E00E28B21 /* CrewRankCellTableViewCell.swift in Sources */ = {isa = PBXBuildFile; fileRef = 85509DB11FA8646E00E28B21 /* CrewRankCellTableViewCell.swift */; };
		85AD39BD1FA71D1C00AFE910 /* GoogleService-Info.plist in Resources */ = {isa = PBXBuildFile; fileRef = 85AD39BC1FA71D1B00AFE910 /* GoogleService-Info.plist */; };
		85B09A631FB59B2100A5E5E8 /* LoginViewController.swift in Sources */ = {isa = PBXBuildFile; fileRef = 85B09A621FB59B2100A5E5E8 /* LoginViewController.swift */; };
		85B09A651FB5BAAB00A5E5E8 /* AdminViewController.swift in Sources */ = {isa = PBXBuildFile; fileRef = 85B09A641FB5BAAB00A5E5E8 /* AdminViewController.swift */; };
		85CE5CC71FAC1D5F00FB9C1E /* Constants.swift in Sources */ = {isa = PBXBuildFile; fileRef = 85CE5CC61FAC1D5F00FB9C1E /* Constants.swift */; };
		85E410101FA85B3B00BD69AE /* MainControllerModel.swift in Sources */ = {isa = PBXBuildFile; fileRef = 85E4100F1FA85B3B00BD69AE /* MainControllerModel.swift */; };
		85EA58C21FAAF008003C4C99 /* ViewController.swift in Sources */ = {isa = PBXBuildFile; fileRef = 85EA58C11FAAF008003C4C99 /* ViewController.swift */; };
		C6BAC2D678B4CAECEF5DEFC4 /* Pods_LKS.framework in Frameworks */ = {isa = PBXBuildFile; fileRef = 500667FB191CC9234475E445 /* Pods_LKS.framework */; };
/* End PBXBuildFile section */

/* Begin PBXFileReference section */
		0B0F64CA4A7C4CCACA9B6B69 /* Pods-LKS.debug.xcconfig */ = {isa = PBXFileReference; includeInIndex = 1; lastKnownFileType = text.xcconfig; name = "Pods-LKS.debug.xcconfig"; path = "Pods/Target Support Files/Pods-LKS/Pods-LKS.debug.xcconfig"; sourceTree = "<group>"; };
		500667FB191CC9234475E445 /* Pods_LKS.framework */ = {isa = PBXFileReference; explicitFileType = wrapper.framework; includeInIndex = 0; path = Pods_LKS.framework; sourceTree = BUILT_PRODUCTS_DIR; };
		555D7BA26333841A3F755579 /* Pods-LKS.release.xcconfig */ = {isa = PBXFileReference; includeInIndex = 1; lastKnownFileType = text.xcconfig; name = "Pods-LKS.release.xcconfig"; path = "Pods/Target Support Files/Pods-LKS/Pods-LKS.release.xcconfig"; sourceTree = "<group>"; };
		850DC9621FA8296400CA3F89 /* Crew.swift */ = {isa = PBXFileReference; lastKnownFileType = sourcecode.swift; path = Crew.swift; sourceTree = "<group>"; };
		850DC9641FA83F3900CA3F89 /* FireBaseManager.swift */ = {isa = PBXFileReference; lastKnownFileType = sourcecode.swift; path = FireBaseManager.swift; sourceTree = "<group>"; };
		852C77211FA3409300E0EFF1 /* ranksTableViewController.swift */ = {isa = PBXFileReference; lastKnownFileType = sourcecode.swift; path = ranksTableViewController.swift; sourceTree = "<group>"; };
		854490771FA1CB8700BDB5DB /* LKS.app */ = {isa = PBXFileReference; explicitFileType = wrapper.application; includeInIndex = 0; path = LKS.app; sourceTree = BUILT_PRODUCTS_DIR; };
		8544907A1FA1CB8700BDB5DB /* AppDelegate.swift */ = {isa = PBXFileReference; lastKnownFileType = sourcecode.swift; path = AppDelegate.swift; sourceTree = "<group>"; };
		8544907F1FA1CB8700BDB5DB /* Base */ = {isa = PBXFileReference; lastKnownFileType = file.storyboard; name = Base; path = Base.lproj/Main.storyboard; sourceTree = "<group>"; };
		854490811FA1CB8700BDB5DB /* Assets.xcassets */ = {isa = PBXFileReference; lastKnownFileType = folder.assetcatalog; path = Assets.xcassets; sourceTree = "<group>"; };
		854490841FA1CB8700BDB5DB /* Base */ = {isa = PBXFileReference; lastKnownFileType = file.storyboard; name = Base; path = Base.lproj/LaunchScreen.storyboard; sourceTree = "<group>"; };
		854490861FA1CB8700BDB5DB /* Info.plist */ = {isa = PBXFileReference; lastKnownFileType = text.plist.xml; path = Info.plist; sourceTree = "<group>"; };
		8544908D1FA326EE00BDB5DB /* estimationViewController.swift */ = {isa = PBXFileReference; lastKnownFileType = sourcecode.swift; path = estimationViewController.swift; sourceTree = "<group>"; };
		854777441FE1265F001111CD /* adminResultsTableViewController.swift */ = {isa = PBXFileReference; lastKnownFileType = sourcecode.swift; name = adminResultsTableViewController.swift; path = LKS/Controllers/adminResultsTableViewController.swift; sourceTree = SOURCE_ROOT; };
		854F48741FE25AAD0046926C /* AdminResultTableViewCell.swift */ = {isa = PBXFileReference; lastKnownFileType = sourcecode.swift; path = AdminResultTableViewCell.swift; sourceTree = "<group>"; };
		85509DB11FA8646E00E28B21 /* CrewRankCellTableViewCell.swift */ = {isa = PBXFileReference; lastKnownFileType = sourcecode.swift; path = CrewRankCellTableViewCell.swift; sourceTree = "<group>"; };
		85AD39BB1FA70CF500AFE910 /* LKS.entitlements */ = {isa = PBXFileReference; lastKnownFileType = text.plist.entitlements; path = LKS.entitlements; sourceTree = "<group>"; };
		85AD39BC1FA71D1B00AFE910 /* GoogleService-Info.plist */ = {isa = PBXFileReference; fileEncoding = 4; lastKnownFileType = text.plist.xml; path = "GoogleService-Info.plist"; sourceTree = "<group>"; };
		85B09A621FB59B2100A5E5E8 /* LoginViewController.swift */ = {isa = PBXFileReference; lastKnownFileType = sourcecode.swift; name = LoginViewController.swift; path = LKS/LoginViewController.swift; sourceTree = SOURCE_ROOT; };
		85B09A641FB5BAAB00A5E5E8 /* AdminViewController.swift */ = {isa = PBXFileReference; lastKnownFileType = sourcecode.swift; name = AdminViewController.swift; path = LKS/Controllers/AdminViewController.swift; sourceTree = SOURCE_ROOT; };
		85CE5CC61FAC1D5F00FB9C1E /* Constants.swift */ = {isa = PBXFileReference; lastKnownFileType = sourcecode.swift; path = Constants.swift; sourceTree = "<group>"; };
		85E4100F1FA85B3B00BD69AE /* MainControllerModel.swift */ = {isa = PBXFileReference; lastKnownFileType = sourcecode.swift; path = MainControllerModel.swift; sourceTree = "<group>"; };
		85EA58C11FAAF008003C4C99 /* ViewController.swift */ = {isa = PBXFileReference; lastKnownFileType = sourcecode.swift; path = ViewController.swift; sourceTree = "<group>"; };
/* End PBXFileReference section */

/* Begin PBXFrameworksBuildPhase section */
		854490741FA1CB8700BDB5DB /* Frameworks */ = {
			isa = PBXFrameworksBuildPhase;
			buildActionMask = 2147483647;
			files = (
				C6BAC2D678B4CAECEF5DEFC4 /* Pods_LKS.framework in Frameworks */,
			);
			runOnlyForDeploymentPostprocessing = 0;
		};
/* End PBXFrameworksBuildPhase section */

/* Begin PBXGroup section */
		697CD90D3DCC699921E70B63 /* Pods */ = {
			isa = PBXGroup;
			children = (
				0B0F64CA4A7C4CCACA9B6B69 /* Pods-LKS.debug.xcconfig */,
				555D7BA26333841A3F755579 /* Pods-LKS.release.xcconfig */,
			);
			name = Pods;
			sourceTree = "<group>";
		};
		850DC9611FA8294400CA3F89 /* Controllers */ = {
			isa = PBXGroup;
			children = (
				854777441FE1265F001111CD /* adminResultsTableViewController.swift */,
				852C77211FA3409300E0EFF1 /* ranksTableViewController.swift */,
				85509DB11FA8646E00E28B21 /* CrewRankCellTableViewCell.swift */,
				8544908D1FA326EE00BDB5DB /* estimationViewController.swift */,
				85EA58C11FAAF008003C4C99 /* ViewController.swift */,
			);
			path = Controllers;
			sourceTree = "<group>";
		};
		8544906E1FA1CB8700BDB5DB = {
			isa = PBXGroup;
			children = (
				854490791FA1CB8700BDB5DB /* LKS */,
				854490781FA1CB8700BDB5DB /* Products */,
				697CD90D3DCC699921E70B63 /* Pods */,
				EAD5F9F56511A51948D7F16B /* Frameworks */,
			);
			sourceTree = "<group>";
		};
		854490781FA1CB8700BDB5DB /* Products */ = {
			isa = PBXGroup;
			children = (
				854490771FA1CB8700BDB5DB /* LKS.app */,
			);
			name = Products;
			sourceTree = "<group>";
		};
		854490791FA1CB8700BDB5DB /* LKS */ = {
			isa = PBXGroup;
			children = (
				85AD39BB1FA70CF500AFE910 /* LKS.entitlements */,
				8544908C1FA323FB00BDB5DB /* SupportingFiles */,
				850DC9611FA8294400CA3F89 /* Controllers */,
				85E4100E1FA85A1D00BD69AE /* Model */,
				854490861FA1CB8700BDB5DB /* Info.plist */,
				85AD39BC1FA71D1B00AFE910 /* GoogleService-Info.plist */,
			);
			path = LKS;
			sourceTree = "<group>";
		};
		8544908C1FA323FB00BDB5DB /* SupportingFiles */ = {
			isa = PBXGroup;
			children = (
				8544907A1FA1CB8700BDB5DB /* AppDelegate.swift */,
				854490811FA1CB8700BDB5DB /* Assets.xcassets */,
				854490831FA1CB8700BDB5DB /* LaunchScreen.storyboard */,
				8544907E1FA1CB8700BDB5DB /* Main.storyboard */,
				854F48741FE25AAD0046926C /* AdminResultTableViewCell.swift */,
				85B09A641FB5BAAB00A5E5E8 /* AdminViewController.swift */,
				85B09A621FB59B2100A5E5E8 /* LoginViewController.swift */,
			);
			path = SupportingFiles;
			sourceTree = "<group>";
		};
		85E4100E1FA85A1D00BD69AE /* Model */ = {
			isa = PBXGroup;
			children = (
				85E4100F1FA85B3B00BD69AE /* MainControllerModel.swift */,
				850DC9621FA8296400CA3F89 /* Crew.swift */,
				850DC9641FA83F3900CA3F89 /* FireBaseManager.swift */,
				85CE5CC61FAC1D5F00FB9C1E /* Constants.swift */,
			);
			path = Model;
			sourceTree = "<group>";
		};
		EAD5F9F56511A51948D7F16B /* Frameworks */ = {
			isa = PBXGroup;
			children = (
				500667FB191CC9234475E445 /* Pods_LKS.framework */,
			);
			name = Frameworks;
			sourceTree = "<group>";
		};
/* End PBXGroup section */

/* Begin PBXNativeTarget section */
		854490761FA1CB8700BDB5DB /* LKS */ = {
			isa = PBXNativeTarget;
			buildConfigurationList = 854490891FA1CB8700BDB5DB /* Build configuration list for PBXNativeTarget "LKS" */;
			buildPhases = (
				D153215C4E40C9CBA73A571C /* [CP] Check Pods Manifest.lock */,
				854490731FA1CB8700BDB5DB /* Sources */,
				854490741FA1CB8700BDB5DB /* Frameworks */,
				854490751FA1CB8700BDB5DB /* Resources */,
				183248B10D00FE091AA9DF82 /* [CP] Embed Pods Frameworks */,
				4C2B13486C71B5E15CD0C40E /* [CP] Copy Pods Resources */,
			);
			buildRules = (
			);
			dependencies = (
			);
			name = LKS;
			productName = LKS;
			productReference = 854490771FA1CB8700BDB5DB /* LKS.app */;
			productType = "com.apple.product-type.application";
		};
/* End PBXNativeTarget section */

/* Begin PBXProject section */
		8544906F1FA1CB8700BDB5DB /* Project object */ = {
			isa = PBXProject;
			attributes = {
				LastSwiftUpdateCheck = 0900;
				LastUpgradeCheck = 0900;
				ORGANIZATIONNAME = "Serhii Kyrychenko";
				TargetAttributes = {
					854490761FA1CB8700BDB5DB = {
						CreatedOnToolsVersion = 9.0.1;
						ProvisioningStyle = Automatic;
						SystemCapabilities = {
							com.apple.iCloud = {
								enabled = 1;
							};
						};
					};
				};
			};
			buildConfigurationList = 854490721FA1CB8700BDB5DB /* Build configuration list for PBXProject "LKS" */;
			compatibilityVersion = "Xcode 8.0";
			developmentRegion = en;
			hasScannedForEncodings = 0;
			knownRegions = (
				en,
				Base,
			);
			mainGroup = 8544906E1FA1CB8700BDB5DB;
			productRefGroup = 854490781FA1CB8700BDB5DB /* Products */;
			projectDirPath = "";
			projectRoot = "";
			targets = (
				854490761FA1CB8700BDB5DB /* LKS */,
			);
		};
/* End PBXProject section */

/* Begin PBXResourcesBuildPhase section */
		854490751FA1CB8700BDB5DB /* Resources */ = {
			isa = PBXResourcesBuildPhase;
			buildActionMask = 2147483647;
			files = (
				854490851FA1CB8700BDB5DB /* LaunchScreen.storyboard in Resources */,
				85AD39BD1FA71D1C00AFE910 /* GoogleService-Info.plist in Resources */,
				854490821FA1CB8700BDB5DB /* Assets.xcassets in Resources */,
				854490801FA1CB8700BDB5DB /* Main.storyboard in Resources */,
			);
			runOnlyForDeploymentPostprocessing = 0;
		};
/* End PBXResourcesBuildPhase section */

/* Begin PBXShellScriptBuildPhase section */
		183248B10D00FE091AA9DF82 /* [CP] Embed Pods Frameworks */ = {
			isa = PBXShellScriptBuildPhase;
			buildActionMask = 2147483647;
			files = (
			);
			inputPaths = (
				"${SRCROOT}/Pods/Target Support Files/Pods-LKS/Pods-LKS-frameworks.sh",
				"${BUILT_PRODUCTS_DIR}/GTMSessionFetcher/GTMSessionFetcher.framework",
				"${BUILT_PRODUCTS_DIR}/GoogleToolboxForMac/GoogleToolboxForMac.framework",
				"${BUILT_PRODUCTS_DIR}/Protobuf/Protobuf.framework",
				"${BUILT_PRODUCTS_DIR}/leveldb-library/leveldb.framework",
				"${BUILT_PRODUCTS_DIR}/nanopb/nanopb.framework",
			);
			name = "[CP] Embed Pods Frameworks";
			outputPaths = (
				"${TARGET_BUILD_DIR}/${FRAMEWORKS_FOLDER_PATH}/GTMSessionFetcher.framework",
				"${TARGET_BUILD_DIR}/${FRAMEWORKS_FOLDER_PATH}/GoogleToolboxForMac.framework",
				"${TARGET_BUILD_DIR}/${FRAMEWORKS_FOLDER_PATH}/Protobuf.framework",
				"${TARGET_BUILD_DIR}/${FRAMEWORKS_FOLDER_PATH}/leveldb.framework",
				"${TARGET_BUILD_DIR}/${FRAMEWORKS_FOLDER_PATH}/nanopb.framework",
			);
			runOnlyForDeploymentPostprocessing = 0;
			shellPath = /bin/sh;
			shellScript = "\"${SRCROOT}/Pods/Target Support Files/Pods-LKS/Pods-LKS-frameworks.sh\"\n";
			showEnvVarsInLog = 0;
		};
		4C2B13486C71B5E15CD0C40E /* [CP] Copy Pods Resources */ = {
			isa = PBXShellScriptBuildPhase;
			buildActionMask = 2147483647;
			files = (
			);
			inputPaths = (
			);
			name = "[CP] Copy Pods Resources";
			outputPaths = (
			);
			runOnlyForDeploymentPostprocessing = 0;
			shellPath = /bin/sh;
			shellScript = "\"${SRCROOT}/Pods/Target Support Files/Pods-LKS/Pods-LKS-resources.sh\"\n";
			showEnvVarsInLog = 0;
		};
		D153215C4E40C9CBA73A571C /* [CP] Check Pods Manifest.lock */ = {
			isa = PBXShellScriptBuildPhase;
			buildActionMask = 2147483647;
			files = (
			);
			inputPaths = (
				"${PODS_PODFILE_DIR_PATH}/Podfile.lock",
				"${PODS_ROOT}/Manifest.lock",
			);
			name = "[CP] Check Pods Manifest.lock";
			outputPaths = (
				"$(DERIVED_FILE_DIR)/Pods-LKS-checkManifestLockResult.txt",
			);
			runOnlyForDeploymentPostprocessing = 0;
			shellPath = /bin/sh;
			shellScript = "diff \"${PODS_PODFILE_DIR_PATH}/Podfile.lock\" \"${PODS_ROOT}/Manifest.lock\" > /dev/null\nif [ $? != 0 ] ; then\n    # print error to STDERR\n    echo \"error: The sandbox is not in sync with the Podfile.lock. Run 'pod install' or update your CocoaPods installation.\" >&2\n    exit 1\nfi\n# This output is used by Xcode 'outputs' to avoid re-running this script phase.\necho \"SUCCESS\" > \"${SCRIPT_OUTPUT_FILE_0}\"\n";
			showEnvVarsInLog = 0;
		};
/* End PBXShellScriptBuildPhase section */

/* Begin PBXSourcesBuildPhase section */
		854490731FA1CB8700BDB5DB /* Sources */ = {
			isa = PBXSourcesBuildPhase;
			buildActionMask = 2147483647;
			files = (
				85B09A651FB5BAAB00A5E5E8 /* AdminViewController.swift in Sources */,
				8544907B1FA1CB8700BDB5DB /* AppDelegate.swift in Sources */,
				852C77221FA3409300E0EFF1 /* ranksTableViewController.swift in Sources */,
				850DC9631FA8296400CA3F89 /* Crew.swift in Sources */,
				85EA58C21FAAF008003C4C99 /* ViewController.swift in Sources */,
				8544908E1FA326EE00BDB5DB /* estimationViewController.swift in Sources */,
				854777451FE1265F001111CD /* adminResultsTableViewController.swift in Sources */,
				85E410101FA85B3B00BD69AE /* MainControllerModel.swift in Sources */,
				85509DB21FA8646E00E28B21 /* CrewRankCellTableViewCell.swift in Sources */,
				854F48751FE25AAD0046926C /* AdminResultTableViewCell.swift in Sources */,
				850DC9651FA83F3900CA3F89 /* FireBaseManager.swift in Sources */,
				85B09A631FB59B2100A5E5E8 /* LoginViewController.swift in Sources */,
				85CE5CC71FAC1D5F00FB9C1E /* Constants.swift in Sources */,
			);
			runOnlyForDeploymentPostprocessing = 0;
		};
/* End PBXSourcesBuildPhase section */

/* Begin PBXVariantGroup section */
		8544907E1FA1CB8700BDB5DB /* Main.storyboard */ = {
			isa = PBXVariantGroup;
			children = (
				8544907F1FA1CB8700BDB5DB /* Base */,
			);
			name = Main.storyboard;
			sourceTree = "<group>";
		};
		854490831FA1CB8700BDB5DB /* LaunchScreen.storyboard */ = {
			isa = PBXVariantGroup;
			children = (
				854490841FA1CB8700BDB5DB /* Base */,
			);
			name = LaunchScreen.storyboard;
			sourceTree = "<group>";
		};
/* End PBXVariantGroup section */

/* Begin XCBuildConfiguration section */
		854490871FA1CB8700BDB5DB /* Debug */ = {
			isa = XCBuildConfiguration;
			buildSettings = {
				ALWAYS_SEARCH_USER_PATHS = NO;
				CLANG_ANALYZER_NONNULL = YES;
				CLANG_ANALYZER_NUMBER_OBJECT_CONVERSION = YES_AGGRESSIVE;
				CLANG_CXX_LANGUAGE_STANDARD = "gnu++14";
				CLANG_CXX_LIBRARY = "libc++";
				CLANG_ENABLE_MODULES = YES;
				CLANG_ENABLE_OBJC_ARC = YES;
				CLANG_WARN_BLOCK_CAPTURE_AUTORELEASING = YES;
				CLANG_WARN_BOOL_CONVERSION = YES;
				CLANG_WARN_COMMA = YES;
				CLANG_WARN_CONSTANT_CONVERSION = YES;
				CLANG_WARN_DIRECT_OBJC_ISA_USAGE = YES_ERROR;
				CLANG_WARN_DOCUMENTATION_COMMENTS = YES;
				CLANG_WARN_EMPTY_BODY = YES;
				CLANG_WARN_ENUM_CONVERSION = YES;
				CLANG_WARN_INFINITE_RECURSION = YES;
				CLANG_WARN_INT_CONVERSION = YES;
				CLANG_WARN_NON_LITERAL_NULL_CONVERSION = YES;
				CLANG_WARN_OBJC_LITERAL_CONVERSION = YES;
				CLANG_WARN_OBJC_ROOT_CLASS = YES_ERROR;
				CLANG_WARN_RANGE_LOOP_ANALYSIS = YES;
				CLANG_WARN_STRICT_PROTOTYPES = YES;
				CLANG_WARN_SUSPICIOUS_MOVE = YES;
				CLANG_WARN_UNGUARDED_AVAILABILITY = YES_AGGRESSIVE;
				CLANG_WARN_UNREACHABLE_CODE = YES;
				CLANG_WARN__DUPLICATE_METHOD_MATCH = YES;
				CODE_SIGN_IDENTITY = "iPhone Developer";
				COPY_PHASE_STRIP = NO;
				DEBUG_INFORMATION_FORMAT = dwarf;
				ENABLE_STRICT_OBJC_MSGSEND = YES;
				ENABLE_TESTABILITY = YES;
				GCC_C_LANGUAGE_STANDARD = gnu11;
				GCC_DYNAMIC_NO_PIC = NO;
				GCC_NO_COMMON_BLOCKS = YES;
				GCC_OPTIMIZATION_LEVEL = 0;
				GCC_PREPROCESSOR_DEFINITIONS = (
					"DEBUG=1",
					"$(inherited)",
				);
				GCC_WARN_64_TO_32_BIT_CONVERSION = YES;
				GCC_WARN_ABOUT_RETURN_TYPE = YES_ERROR;
				GCC_WARN_UNDECLARED_SELECTOR = YES;
				GCC_WARN_UNINITIALIZED_AUTOS = YES_AGGRESSIVE;
				GCC_WARN_UNUSED_FUNCTION = YES;
				GCC_WARN_UNUSED_VARIABLE = YES;
				IPHONEOS_DEPLOYMENT_TARGET = 11.0;
				MTL_ENABLE_DEBUG_INFO = YES;
				ONLY_ACTIVE_ARCH = YES;
				SDKROOT = iphoneos;
				SWIFT_ACTIVE_COMPILATION_CONDITIONS = DEBUG;
				SWIFT_OPTIMIZATION_LEVEL = "-Onone";
			};
			name = Debug;
		};
		854490881FA1CB8700BDB5DB /* Release */ = {
			isa = XCBuildConfiguration;
			buildSettings = {
				ALWAYS_SEARCH_USER_PATHS = NO;
				CLANG_ANALYZER_NONNULL = YES;
				CLANG_ANALYZER_NUMBER_OBJECT_CONVERSION = YES_AGGRESSIVE;
				CLANG_CXX_LANGUAGE_STANDARD = "gnu++14";
				CLANG_CXX_LIBRARY = "libc++";
				CLANG_ENABLE_MODULES = YES;
				CLANG_ENABLE_OBJC_ARC = YES;
				CLANG_WARN_BLOCK_CAPTURE_AUTORELEASING = YES;
				CLANG_WARN_BOOL_CONVERSION = YES;
				CLANG_WARN_COMMA = YES;
				CLANG_WARN_CONSTANT_CONVERSION = YES;
				CLANG_WARN_DIRECT_OBJC_ISA_USAGE = YES_ERROR;
				CLANG_WARN_DOCUMENTATION_COMMENTS = YES;
				CLANG_WARN_EMPTY_BODY = YES;
				CLANG_WARN_ENUM_CONVERSION = YES;
				CLANG_WARN_INFINITE_RECURSION = YES;
				CLANG_WARN_INT_CONVERSION = YES;
				CLANG_WARN_NON_LITERAL_NULL_CONVERSION = YES;
				CLANG_WARN_OBJC_LITERAL_CONVERSION = YES;
				CLANG_WARN_OBJC_ROOT_CLASS = YES_ERROR;
				CLANG_WARN_RANGE_LOOP_ANALYSIS = YES;
				CLANG_WARN_STRICT_PROTOTYPES = YES;
				CLANG_WARN_SUSPICIOUS_MOVE = YES;
				CLANG_WARN_UNGUARDED_AVAILABILITY = YES_AGGRESSIVE;
				CLANG_WARN_UNREACHABLE_CODE = YES;
				CLANG_WARN__DUPLICATE_METHOD_MATCH = YES;
				CODE_SIGN_IDENTITY = "iPhone Developer";
				COPY_PHASE_STRIP = NO;
				DEBUG_INFORMATION_FORMAT = "dwarf-with-dsym";
				ENABLE_NS_ASSERTIONS = NO;
				ENABLE_STRICT_OBJC_MSGSEND = YES;
				GCC_C_LANGUAGE_STANDARD = gnu11;
				GCC_NO_COMMON_BLOCKS = YES;
				GCC_WARN_64_TO_32_BIT_CONVERSION = YES;
				GCC_WARN_ABOUT_RETURN_TYPE = YES_ERROR;
				GCC_WARN_UNDECLARED_SELECTOR = YES;
				GCC_WARN_UNINITIALIZED_AUTOS = YES_AGGRESSIVE;
				GCC_WARN_UNUSED_FUNCTION = YES;
				GCC_WARN_UNUSED_VARIABLE = YES;
				IPHONEOS_DEPLOYMENT_TARGET = 11.0;
				MTL_ENABLE_DEBUG_INFO = NO;
				SDKROOT = iphoneos;
				SWIFT_OPTIMIZATION_LEVEL = "-Owholemodule";
				VALIDATE_PRODUCT = YES;
			};
			name = Release;
		};
		8544908A1FA1CB8700BDB5DB /* Debug */ = {
			isa = XCBuildConfiguration;
			baseConfigurationReference = 0B0F64CA4A7C4CCACA9B6B69 /* Pods-LKS.debug.xcconfig */;
			buildSettings = {
				ASSETCATALOG_COMPILER_APPICON_NAME = AppIcon;
				CODE_SIGN_ENTITLEMENTS = LKS/LKS.entitlements;
				CODE_SIGN_STYLE = Automatic;
				DEVELOPMENT_TEAM = W624K3Z5GN;
				INFOPLIST_FILE = LKS/Info.plist;
				IPHONEOS_DEPLOYMENT_TARGET = 9.0;
				LD_RUNPATH_SEARCH_PATHS = "$(inherited) @executable_path/Frameworks";
				PRODUCT_BUNDLE_IDENTIFIER = COM.WAM.LKS;
				PRODUCT_NAME = "$(TARGET_NAME)";
				SWIFT_VERSION = 4.0;
				TARGETED_DEVICE_FAMILY = "1,2";
			};
			name = Debug;
		};
		8544908B1FA1CB8700BDB5DB /* Release */ = {
			isa = XCBuildConfiguration;
			baseConfigurationReference = 555D7BA26333841A3F755579 /* Pods-LKS.release.xcconfig */;
			buildSettings = {
				ASSETCATALOG_COMPILER_APPICON_NAME = AppIcon;
				CODE_SIGN_ENTITLEMENTS = LKS/LKS.entitlements;
				CODE_SIGN_STYLE = Automatic;
				DEVELOPMENT_TEAM = W624K3Z5GN;
				INFOPLIST_FILE = LKS/Info.plist;
				IPHONEOS_DEPLOYMENT_TARGET = 9.0;
				LD_RUNPATH_SEARCH_PATHS = "$(inherited) @executable_path/Frameworks";
				PRODUCT_BUNDLE_IDENTIFIER = COM.WAM.LKS;
				PRODUCT_NAME = "$(TARGET_NAME)";
				SWIFT_VERSION = 4.0;
				TARGETED_DEVICE_FAMILY = "1,2";
			};
			name = Release;
		};
/* End XCBuildConfiguration section */

/* Begin XCConfigurationList section */
		854490721FA1CB8700BDB5DB /* Build configuration list for PBXProject "LKS" */ = {
			isa = XCConfigurationList;
			buildConfigurations = (
				854490871FA1CB8700BDB5DB /* Debug */,
				854490881FA1CB8700BDB5DB /* Release */,
			);
			defaultConfigurationIsVisible = 0;
			defaultConfigurationName = Release;
		};
		854490891FA1CB8700BDB5DB /* Build configuration list for PBXNativeTarget "LKS" */ = {
			isa = XCConfigurationList;
			buildConfigurations = (
				8544908A1FA1CB8700BDB5DB /* Debug */,
				8544908B1FA1CB8700BDB5DB /* Release */,
			);
			defaultConfigurationIsVisible = 0;
			defaultConfigurationName = Release;
		};
/* End XCConfigurationList section */
	};
	rootObject = 8544906F1FA1CB8700BDB5DB /* Project object */;
}
